// !$*UTF8*$!
{
	archiveVersion = 1;
	classes = {
	};
	objectVersion = 51;
	objects = {

/* Begin PBXBuildFile section */
		1822E25222E0B16E004BCFCD /* HudViewController.swift in Sources */ = {isa = PBXBuildFile; fileRef = 1822E25122E0B16E004BCFCD /* HudViewController.swift */; };
		1822E25722E0B235004BCFCD /* Hud.storyboard in Resources */ = {isa = PBXBuildFile; fileRef = 1822E25622E0B235004BCFCD /* Hud.storyboard */; };
		1822E25A22E20BCB004BCFCD /* JoystickView.swift in Sources */ = {isa = PBXBuildFile; fileRef = 1822E25922E20BCB004BCFCD /* JoystickView.swift */; };
		187EE00F22DE4701002E8550 /* AppDelegate.swift in Sources */ = {isa = PBXBuildFile; fileRef = 187EE00E22DE4701002E8550 /* AppDelegate.swift */; };
		187EE01122DE4701002E8550 /* HomeViewController.swift in Sources */ = {isa = PBXBuildFile; fileRef = 187EE01022DE4701002E8550 /* HomeViewController.swift */; };
		187EE01422DE4701002E8550 /* Main.storyboard in Resources */ = {isa = PBXBuildFile; fileRef = 187EE01222DE4701002E8550 /* Main.storyboard */; };
		187EE01622DE4702002E8550 /* Assets.xcassets in Resources */ = {isa = PBXBuildFile; fileRef = 187EE01522DE4702002E8550 /* Assets.xcassets */; };
		187EE01922DE4702002E8550 /* LaunchScreen.storyboard in Resources */ = {isa = PBXBuildFile; fileRef = 187EE01722DE4702002E8550 /* LaunchScreen.storyboard */; };
		187EE02422DE4703002E8550 /* ParrotDemoTests.swift in Sources */ = {isa = PBXBuildFile; fileRef = 187EE02322DE4703002E8550 /* ParrotDemoTests.swift */; };
		187EE02F22DE4703002E8550 /* ParrotDemoUITests.swift in Sources */ = {isa = PBXBuildFile; fileRef = 187EE02E22DE4703002E8550 /* ParrotDemoUITests.swift */; };
		3C8BA8582501DF96004088C1 /* UIImageExtension.swift in Sources */ = {isa = PBXBuildFile; fileRef = 3C8BA8552501DF96004088C1 /* UIImageExtension.swift */; };
		3C8BA8592501DF96004088C1 /* CVPixelBufferExtension.swift in Sources */ = {isa = PBXBuildFile; fileRef = 3C8BA8562501DF96004088C1 /* CVPixelBufferExtension.swift */; };
		3C8BA85A2501DF96004088C1 /* StringExtension.swift in Sources */ = {isa = PBXBuildFile; fileRef = 3C8BA8572501DF96004088C1 /* StringExtension.swift */; };
		3C8BA85D2501DFCA004088C1 /* ModelDataHandler.swift in Sources */ = {isa = PBXBuildFile; fileRef = 3C8BA85C2501DFCA004088C1 /* ModelDataHandler.swift */; };
		3C8BA85F2501E04B004088C1 /* OverlayView.swift in Sources */ = {isa = PBXBuildFile; fileRef = 3C8BA85E2501E04B004088C1 /* OverlayView.swift */; };
		3C8BA8632501E838004088C1 /* labelmap.txt in Resources */ = {isa = PBXBuildFile; fileRef = 3C8BA8612501E838004088C1 /* labelmap.txt */; };
		3C8BA8642501E838004088C1 /* detect.tflite in Resources */ = {isa = PBXBuildFile; fileRef = 3C8BA8622501E838004088C1 /* detect.tflite */; };
		6F5EBD6E0722F7AEB981C7FA /* Pods_AnafiDetection.framework in Frameworks */ = {isa = PBXBuildFile; fileRef = 90DA2A3A2F3E29DB14A618DF /* Pods_AnafiDetection.framework */; };
/* End PBXBuildFile section */

/* Begin PBXContainerItemProxy section */
		187EE02022DE4703002E8550 /* PBXContainerItemProxy */ = {
			isa = PBXContainerItemProxy;
			containerPortal = 187EE00322DE4701002E8550 /* Project object */;
			proxyType = 1;
			remoteGlobalIDString = 187EE00A22DE4701002E8550;
			remoteInfo = ParrotDemo;
		};
		187EE02B22DE4703002E8550 /* PBXContainerItemProxy */ = {
			isa = PBXContainerItemProxy;
			containerPortal = 187EE00322DE4701002E8550 /* Project object */;
			proxyType = 1;
			remoteGlobalIDString = 187EE00A22DE4701002E8550;
			remoteInfo = ParrotDemo;
		};
/* End PBXContainerItemProxy section */

/* Begin PBXFileReference section */
		02C5ADCA55D0BA4440C88D55 /* Pods-AnafiDetection.debug.xcconfig */ = {isa = PBXFileReference; includeInIndex = 1; lastKnownFileType = text.xcconfig; name = "Pods-AnafiDetection.debug.xcconfig"; path = "Target Support Files/Pods-AnafiDetection/Pods-AnafiDetection.debug.xcconfig"; sourceTree = "<group>"; };
		09947F94787FDE2C9B4D0283 /* Pods-AnafiDetection.release.xcconfig */ = {isa = PBXFileReference; includeInIndex = 1; lastKnownFileType = text.xcconfig; name = "Pods-AnafiDetection.release.xcconfig"; path = "Target Support Files/Pods-AnafiDetection/Pods-AnafiDetection.release.xcconfig"; sourceTree = "<group>"; };
		1822E25122E0B16E004BCFCD /* HudViewController.swift */ = {isa = PBXFileReference; lastKnownFileType = sourcecode.swift; path = HudViewController.swift; sourceTree = "<group>"; };
		1822E25622E0B235004BCFCD /* Hud.storyboard */ = {isa = PBXFileReference; lastKnownFileType = file.storyboard; path = Hud.storyboard; sourceTree = "<group>"; };
		1822E25922E20BCB004BCFCD /* JoystickView.swift */ = {isa = PBXFileReference; fileEncoding = 4; lastKnownFileType = sourcecode.swift; path = JoystickView.swift; sourceTree = "<group>"; };
		187EE00B22DE4701002E8550 /* AnafiDetection.app */ = {isa = PBXFileReference; explicitFileType = wrapper.application; includeInIndex = 0; path = AnafiDetection.app; sourceTree = BUILT_PRODUCTS_DIR; };
		187EE00E22DE4701002E8550 /* AppDelegate.swift */ = {isa = PBXFileReference; lastKnownFileType = sourcecode.swift; path = AppDelegate.swift; sourceTree = "<group>"; };
		187EE01022DE4701002E8550 /* HomeViewController.swift */ = {isa = PBXFileReference; lastKnownFileType = sourcecode.swift; path = HomeViewController.swift; sourceTree = "<group>"; };
		187EE01322DE4701002E8550 /* Base */ = {isa = PBXFileReference; lastKnownFileType = file.storyboard; name = Base; path = Base.lproj/Main.storyboard; sourceTree = "<group>"; };
		187EE01522DE4702002E8550 /* Assets.xcassets */ = {isa = PBXFileReference; lastKnownFileType = folder.assetcatalog; path = Assets.xcassets; sourceTree = "<group>"; };
		187EE01822DE4702002E8550 /* Base */ = {isa = PBXFileReference; lastKnownFileType = file.storyboard; name = Base; path = Base.lproj/LaunchScreen.storyboard; sourceTree = "<group>"; };
		187EE01A22DE4702002E8550 /* Info.plist */ = {isa = PBXFileReference; lastKnownFileType = text.plist.xml; path = Info.plist; sourceTree = "<group>"; };
		187EE01F22DE4703002E8550 /* AnafiDetectionTests.xctest */ = {isa = PBXFileReference; explicitFileType = wrapper.cfbundle; includeInIndex = 0; path = AnafiDetectionTests.xctest; sourceTree = BUILT_PRODUCTS_DIR; };
		187EE02322DE4703002E8550 /* ParrotDemoTests.swift */ = {isa = PBXFileReference; lastKnownFileType = sourcecode.swift; path = ParrotDemoTests.swift; sourceTree = "<group>"; };
		187EE02522DE4703002E8550 /* Info.plist */ = {isa = PBXFileReference; lastKnownFileType = text.plist.xml; path = Info.plist; sourceTree = "<group>"; };
		187EE02A22DE4703002E8550 /* AnafiDetectionUITests.xctest */ = {isa = PBXFileReference; explicitFileType = wrapper.cfbundle; includeInIndex = 0; path = AnafiDetectionUITests.xctest; sourceTree = BUILT_PRODUCTS_DIR; };
		187EE02E22DE4703002E8550 /* ParrotDemoUITests.swift */ = {isa = PBXFileReference; lastKnownFileType = sourcecode.swift; path = ParrotDemoUITests.swift; sourceTree = "<group>"; };
		187EE03022DE4703002E8550 /* Info.plist */ = {isa = PBXFileReference; lastKnownFileType = text.plist.xml; path = Info.plist; sourceTree = "<group>"; };
		1BDC7D7B3C8892F340794D47 /* Pods-ParrotDemo.debug.xcconfig */ = {isa = PBXFileReference; includeInIndex = 1; lastKnownFileType = text.xcconfig; name = "Pods-ParrotDemo.debug.xcconfig"; path = "Target Support Files/Pods-ParrotDemo/Pods-ParrotDemo.debug.xcconfig"; sourceTree = "<group>"; };
		3C8BA8552501DF96004088C1 /* UIImageExtension.swift */ = {isa = PBXFileReference; fileEncoding = 4; lastKnownFileType = sourcecode.swift; path = UIImageExtension.swift; sourceTree = "<group>"; };
		3C8BA8562501DF96004088C1 /* CVPixelBufferExtension.swift */ = {isa = PBXFileReference; fileEncoding = 4; lastKnownFileType = sourcecode.swift; path = CVPixelBufferExtension.swift; sourceTree = "<group>"; };
		3C8BA8572501DF96004088C1 /* StringExtension.swift */ = {isa = PBXFileReference; fileEncoding = 4; lastKnownFileType = sourcecode.swift; path = StringExtension.swift; sourceTree = "<group>"; };
		3C8BA85C2501DFCA004088C1 /* ModelDataHandler.swift */ = {isa = PBXFileReference; fileEncoding = 4; lastKnownFileType = sourcecode.swift; path = ModelDataHandler.swift; sourceTree = "<group>"; };
		3C8BA85E2501E04B004088C1 /* OverlayView.swift */ = {isa = PBXFileReference; fileEncoding = 4; lastKnownFileType = sourcecode.swift; path = OverlayView.swift; sourceTree = "<group>"; };
		3C8BA8612501E838004088C1 /* labelmap.txt */ = {isa = PBXFileReference; fileEncoding = 4; lastKnownFileType = text; path = labelmap.txt; sourceTree = "<group>"; };
		3C8BA8622501E838004088C1 /* detect.tflite */ = {isa = PBXFileReference; lastKnownFileType = file; path = detect.tflite; sourceTree = "<group>"; };
		464650A46F4B7962287C0365 /* Pods-ParrotDemo.release.xcconfig */ = {isa = PBXFileReference; includeInIndex = 1; lastKnownFileType = text.xcconfig; name = "Pods-ParrotDemo.release.xcconfig"; path = "Target Support Files/Pods-ParrotDemo/Pods-ParrotDemo.release.xcconfig"; sourceTree = "<group>"; };
		90DA2A3A2F3E29DB14A618DF /* Pods_AnafiDetection.framework */ = {isa = PBXFileReference; explicitFileType = wrapper.framework; includeInIndex = 0; path = Pods_AnafiDetection.framework; sourceTree = BUILT_PRODUCTS_DIR; };
/* End PBXFileReference section */

/* Begin PBXFrameworksBuildPhase section */
		187EE00822DE4701002E8550 /* Frameworks */ = {
			isa = PBXFrameworksBuildPhase;
			buildActionMask = 2147483647;
			files = (
				6F5EBD6E0722F7AEB981C7FA /* Pods_AnafiDetection.framework in Frameworks */,
			);
			runOnlyForDeploymentPostprocessing = 0;
		};
		187EE01C22DE4703002E8550 /* Frameworks */ = {
			isa = PBXFrameworksBuildPhase;
			buildActionMask = 2147483647;
			files = (
			);
			runOnlyForDeploymentPostprocessing = 0;
		};
		187EE02722DE4703002E8550 /* Frameworks */ = {
			isa = PBXFrameworksBuildPhase;
			buildActionMask = 2147483647;
			files = (
			);
			runOnlyForDeploymentPostprocessing = 0;
		};
/* End PBXFrameworksBuildPhase section */

/* Begin PBXGroup section */
		0318DFF7F543342E583B32E1 /* Pods */ = {
			isa = PBXGroup;
			children = (
				1BDC7D7B3C8892F340794D47 /* Pods-ParrotDemo.debug.xcconfig */,
				464650A46F4B7962287C0365 /* Pods-ParrotDemo.release.xcconfig */,
				02C5ADCA55D0BA4440C88D55 /* Pods-AnafiDetection.debug.xcconfig */,
				09947F94787FDE2C9B4D0283 /* Pods-AnafiDetection.release.xcconfig */,
			);
			path = Pods;
			sourceTree = "<group>";
		};
		1822E25322E0B192004BCFCD /* ViewControllers */ = {
			isa = PBXGroup;
			children = (
				187EE01022DE4701002E8550 /* HomeViewController.swift */,
				1822E25122E0B16E004BCFCD /* HudViewController.swift */,
			);
			path = ViewControllers;
			sourceTree = "<group>";
		};
		1822E25422E0B19B004BCFCD /* App */ = {
			isa = PBXGroup;
			children = (
				187EE00E22DE4701002E8550 /* AppDelegate.swift */,
			);
			path = App;
			sourceTree = "<group>";
		};
		1822E25522E0B1A2004BCFCD /* Resources */ = {
			isa = PBXGroup;
			children = (
				187EE01522DE4702002E8550 /* Assets.xcassets */,
				187EE01222DE4701002E8550 /* Main.storyboard */,
				1822E25622E0B235004BCFCD /* Hud.storyboard */,
				187EE01722DE4702002E8550 /* LaunchScreen.storyboard */,
			);
			path = Resources;
			sourceTree = "<group>";
		};
		1822E25822E1FE41004BCFCD /* Views */ = {
			isa = PBXGroup;
			children = (
				1822E25922E20BCB004BCFCD /* JoystickView.swift */,
				3C8BA85E2501E04B004088C1 /* OverlayView.swift */,
			);
			path = Views;
			sourceTree = "<group>";
		};
		187EE00222DE4701002E8550 = {
			isa = PBXGroup;
			children = (
				187EE00D22DE4701002E8550 /* ParrotDemo */,
				187EE02222DE4703002E8550 /* ParrotDemoTests */,
				187EE02D22DE4703002E8550 /* ParrotDemoUITests */,
				187EE00C22DE4701002E8550 /* Products */,
				0318DFF7F543342E583B32E1 /* Pods */,
				BFD675AB34B83EC57491373B /* Frameworks */,
			);
			sourceTree = "<group>";
		};
		187EE00C22DE4701002E8550 /* Products */ = {
			isa = PBXGroup;
			children = (
				187EE00B22DE4701002E8550 /* AnafiDetection.app */,
				187EE01F22DE4703002E8550 /* AnafiDetectionTests.xctest */,
				187EE02A22DE4703002E8550 /* AnafiDetectionUITests.xctest */,
			);
			name = Products;
			sourceTree = "<group>";
		};
		187EE00D22DE4701002E8550 /* ParrotDemo */ = {
			isa = PBXGroup;
			children = (
				1822E25422E0B19B004BCFCD /* App */,
				1822E25322E0B192004BCFCD /* ViewControllers */,
				1822E25822E1FE41004BCFCD /* Views */,
				3C8BA85B2501DFB8004088C1 /* Util */,
				3C8BA8542501DF7D004088C1 /* Extensions */,
				3C8BA8602501E06B004088C1 /* Model */,
				1822E25522E0B1A2004BCFCD /* Resources */,
				187EE01A22DE4702002E8550 /* Info.plist */,
			);
			path = ParrotDemo;
			sourceTree = "<group>";
		};
		187EE02222DE4703002E8550 /* ParrotDemoTests */ = {
			isa = PBXGroup;
			children = (
				187EE02322DE4703002E8550 /* ParrotDemoTests.swift */,
				187EE02522DE4703002E8550 /* Info.plist */,
			);
			path = ParrotDemoTests;
			sourceTree = "<group>";
		};
		187EE02D22DE4703002E8550 /* ParrotDemoUITests */ = {
			isa = PBXGroup;
			children = (
				187EE02E22DE4703002E8550 /* ParrotDemoUITests.swift */,
				187EE03022DE4703002E8550 /* Info.plist */,
			);
			path = ParrotDemoUITests;
			sourceTree = "<group>";
		};
		3C8BA8542501DF7D004088C1 /* Extensions */ = {
			isa = PBXGroup;
			children = (
				3C8BA8562501DF96004088C1 /* CVPixelBufferExtension.swift */,
				3C8BA8572501DF96004088C1 /* StringExtension.swift */,
				3C8BA8552501DF96004088C1 /* UIImageExtension.swift */,
			);
			path = Extensions;
			sourceTree = "<group>";
		};
		3C8BA85B2501DFB8004088C1 /* Util */ = {
			isa = PBXGroup;
			children = (
				3C8BA85C2501DFCA004088C1 /* ModelDataHandler.swift */,
			);
			path = Util;
			sourceTree = "<group>";
		};
		3C8BA8602501E06B004088C1 /* Model */ = {
			isa = PBXGroup;
			children = (
				3C8BA8622501E838004088C1 /* detect.tflite */,
				3C8BA8612501E838004088C1 /* labelmap.txt */,
			);
			path = Model;
			sourceTree = "<group>";
		};
		BFD675AB34B83EC57491373B /* Frameworks */ = {
			isa = PBXGroup;
			children = (
				90DA2A3A2F3E29DB14A618DF /* Pods_AnafiDetection.framework */,
			);
			name = Frameworks;
			sourceTree = "<group>";
		};
/* End PBXGroup section */

/* Begin PBXNativeTarget section */
		187EE00A22DE4701002E8550 /* AnafiDetection */ = {
			isa = PBXNativeTarget;
			buildConfigurationList = 187EE03322DE4703002E8550 /* Build configuration list for PBXNativeTarget "AnafiDetection" */;
			buildPhases = (
				4624B836EC2E3DD51D6120F7 /* [CP] Check Pods Manifest.lock */,
				187EE00722DE4701002E8550 /* Sources */,
				187EE00822DE4701002E8550 /* Frameworks */,
				187EE00922DE4701002E8550 /* Resources */,
				66CAB06DB6F47AAAE74C9595 /* [CP] Embed Pods Frameworks */,
			);
			buildRules = (
			);
			dependencies = (
			);
			name = AnafiDetection;
			productName = ParrotDemo;
			productReference = 187EE00B22DE4701002E8550 /* AnafiDetection.app */;
			productType = "com.apple.product-type.application";
		};
		187EE01E22DE4703002E8550 /* AnafiDetectionTests */ = {
			isa = PBXNativeTarget;
			buildConfigurationList = 187EE03622DE4703002E8550 /* Build configuration list for PBXNativeTarget "AnafiDetectionTests" */;
			buildPhases = (
				187EE01B22DE4703002E8550 /* Sources */,
				187EE01C22DE4703002E8550 /* Frameworks */,
				187EE01D22DE4703002E8550 /* Resources */,
			);
			buildRules = (
			);
			dependencies = (
				187EE02122DE4703002E8550 /* PBXTargetDependency */,
			);
			name = AnafiDetectionTests;
			productName = ParrotDemoTests;
			productReference = 187EE01F22DE4703002E8550 /* AnafiDetectionTests.xctest */;
			productType = "com.apple.product-type.bundle.unit-test";
		};
		187EE02922DE4703002E8550 /* AnafiDetectionUITests */ = {
			isa = PBXNativeTarget;
			buildConfigurationList = 187EE03922DE4703002E8550 /* Build configuration list for PBXNativeTarget "AnafiDetectionUITests" */;
			buildPhases = (
				187EE02622DE4703002E8550 /* Sources */,
				187EE02722DE4703002E8550 /* Frameworks */,
				187EE02822DE4703002E8550 /* Resources */,
			);
			buildRules = (
			);
			dependencies = (
				187EE02C22DE4703002E8550 /* PBXTargetDependency */,
			);
			name = AnafiDetectionUITests;
			productName = ParrotDemoUITests;
			productReference = 187EE02A22DE4703002E8550 /* AnafiDetectionUITests.xctest */;
			productType = "com.apple.product-type.bundle.ui-testing";
		};
/* End PBXNativeTarget section */

/* Begin PBXProject section */
		187EE00322DE4701002E8550 /* Project object */ = {
			isa = PBXProject;
			attributes = {
				LastSwiftUpdateCheck = 1020;
				LastUpgradeCheck = 1020;
				ORGANIZATIONNAME = RIIS;
				TargetAttributes = {
					187EE00A22DE4701002E8550 = {
						CreatedOnToolsVersion = 10.2;
					};
					187EE01E22DE4703002E8550 = {
						CreatedOnToolsVersion = 10.2;
						TestTargetID = 187EE00A22DE4701002E8550;
					};
					187EE02922DE4703002E8550 = {
						CreatedOnToolsVersion = 10.2;
						TestTargetID = 187EE00A22DE4701002E8550;
					};
				};
			};
			buildConfigurationList = 187EE00622DE4701002E8550 /* Build configuration list for PBXProject "AnafiDetection" */;
			compatibilityVersion = "Xcode 9.3";
			developmentRegion = en;
			hasScannedForEncodings = 0;
			knownRegions = (
				en,
				Base,
			);
			mainGroup = 187EE00222DE4701002E8550;
			productRefGroup = 187EE00C22DE4701002E8550 /* Products */;
			projectDirPath = "";
			projectRoot = "";
			targets = (
				187EE00A22DE4701002E8550 /* AnafiDetection */,
				187EE01E22DE4703002E8550 /* AnafiDetectionTests */,
				187EE02922DE4703002E8550 /* AnafiDetectionUITests */,
			);
		};
/* End PBXProject section */

/* Begin PBXResourcesBuildPhase section */
		187EE00922DE4701002E8550 /* Resources */ = {
			isa = PBXResourcesBuildPhase;
			buildActionMask = 2147483647;
			files = (
				3C8BA8642501E838004088C1 /* detect.tflite in Resources */,
				187EE01922DE4702002E8550 /* LaunchScreen.storyboard in Resources */,
				187EE01622DE4702002E8550 /* Assets.xcassets in Resources */,
				1822E25722E0B235004BCFCD /* Hud.storyboard in Resources */,
				187EE01422DE4701002E8550 /* Main.storyboard in Resources */,
				3C8BA8632501E838004088C1 /* labelmap.txt in Resources */,
			);
			runOnlyForDeploymentPostprocessing = 0;
		};
		187EE01D22DE4703002E8550 /* Resources */ = {
			isa = PBXResourcesBuildPhase;
			buildActionMask = 2147483647;
			files = (
			);
			runOnlyForDeploymentPostprocessing = 0;
		};
		187EE02822DE4703002E8550 /* Resources */ = {
			isa = PBXResourcesBuildPhase;
			buildActionMask = 2147483647;
			files = (
			);
			runOnlyForDeploymentPostprocessing = 0;
		};
/* End PBXResourcesBuildPhase section */

/* Begin PBXShellScriptBuildPhase section */
		4624B836EC2E3DD51D6120F7 /* [CP] Check Pods Manifest.lock */ = {
			isa = PBXShellScriptBuildPhase;
			buildActionMask = 2147483647;
			files = (
			);
			inputFileListPaths = (
			);
			inputPaths = (
				"${PODS_PODFILE_DIR_PATH}/Podfile.lock",
				"${PODS_ROOT}/Manifest.lock",
			);
			name = "[CP] Check Pods Manifest.lock";
			outputFileListPaths = (
			);
			outputPaths = (
				"$(DERIVED_FILE_DIR)/Pods-AnafiDetection-checkManifestLockResult.txt",
			);
			runOnlyForDeploymentPostprocessing = 0;
			shellPath = /bin/sh;
			shellScript = "diff \"${PODS_PODFILE_DIR_PATH}/Podfile.lock\" \"${PODS_ROOT}/Manifest.lock\" > /dev/null\nif [ $? != 0 ] ; then\n    # print error to STDERR\n    echo \"error: The sandbox is not in sync with the Podfile.lock. Run 'pod install' or update your CocoaPods installation.\" >&2\n    exit 1\nfi\n# This output is used by Xcode 'outputs' to avoid re-running this script phase.\necho \"SUCCESS\" > \"${SCRIPT_OUTPUT_FILE_0}\"\n";
			showEnvVarsInLog = 0;
		};
		66CAB06DB6F47AAAE74C9595 /* [CP] Embed Pods Frameworks */ = {
			isa = PBXShellScriptBuildPhase;
			buildActionMask = 2147483647;
			files = (
			);
			inputFileListPaths = (
				"${PODS_ROOT}/Target Support Files/Pods-AnafiDetection/Pods-AnafiDetection-frameworks-${CONFIGURATION}-input-files.xcfilelist",
			);
			name = "[CP] Embed Pods Frameworks";
			outputFileListPaths = (
				"${PODS_ROOT}/Target Support Files/Pods-AnafiDetection/Pods-AnafiDetection-frameworks-${CONFIGURATION}-output-files.xcfilelist",
			);
			runOnlyForDeploymentPostprocessing = 0;
			shellPath = /bin/sh;
			shellScript = "\"${PODS_ROOT}/Target Support Files/Pods-AnafiDetection/Pods-AnafiDetection-frameworks.sh\"\n";
			showEnvVarsInLog = 0;
		};
/* End PBXShellScriptBuildPhase section */

/* Begin PBXSourcesBuildPhase section */
		187EE00722DE4701002E8550 /* Sources */ = {
			isa = PBXSourcesBuildPhase;
			buildActionMask = 2147483647;
			files = (
				3C8BA85F2501E04B004088C1 /* OverlayView.swift in Sources */,
				1822E25A22E20BCB004BCFCD /* JoystickView.swift in Sources */,
				3C8BA85A2501DF96004088C1 /* StringExtension.swift in Sources */,
				3C8BA85D2501DFCA004088C1 /* ModelDataHandler.swift in Sources */,
				187EE01122DE4701002E8550 /* HomeViewController.swift in Sources */,
				187EE00F22DE4701002E8550 /* AppDelegate.swift in Sources */,
				3C8BA8582501DF96004088C1 /* UIImageExtension.swift in Sources */,
				1822E25222E0B16E004BCFCD /* HudViewController.swift in Sources */,
				3C8BA8592501DF96004088C1 /* CVPixelBufferExtension.swift in Sources */,
			);
			runOnlyForDeploymentPostprocessing = 0;
		};
		187EE01B22DE4703002E8550 /* Sources */ = {
			isa = PBXSourcesBuildPhase;
			buildActionMask = 2147483647;
			files = (
				187EE02422DE4703002E8550 /* ParrotDemoTests.swift in Sources */,
			);
			runOnlyForDeploymentPostprocessing = 0;
		};
		187EE02622DE4703002E8550 /* Sources */ = {
			isa = PBXSourcesBuildPhase;
			buildActionMask = 2147483647;
			files = (
				187EE02F22DE4703002E8550 /* ParrotDemoUITests.swift in Sources */,
			);
			runOnlyForDeploymentPostprocessing = 0;
		};
/* End PBXSourcesBuildPhase section */

/* Begin PBXTargetDependency section */
		187EE02122DE4703002E8550 /* PBXTargetDependency */ = {
			isa = PBXTargetDependency;
			target = 187EE00A22DE4701002E8550 /* AnafiDetection */;
			targetProxy = 187EE02022DE4703002E8550 /* PBXContainerItemProxy */;
		};
		187EE02C22DE4703002E8550 /* PBXTargetDependency */ = {
			isa = PBXTargetDependency;
			target = 187EE00A22DE4701002E8550 /* AnafiDetection */;
			targetProxy = 187EE02B22DE4703002E8550 /* PBXContainerItemProxy */;
		};
/* End PBXTargetDependency section */

/* Begin PBXVariantGroup section */
		187EE01222DE4701002E8550 /* Main.storyboard */ = {
			isa = PBXVariantGroup;
			children = (
				187EE01322DE4701002E8550 /* Base */,
			);
			name = Main.storyboard;
			sourceTree = "<group>";
		};
		187EE01722DE4702002E8550 /* LaunchScreen.storyboard */ = {
			isa = PBXVariantGroup;
			children = (
				187EE01822DE4702002E8550 /* Base */,
			);
			name = LaunchScreen.storyboard;
			sourceTree = "<group>";
		};
/* End PBXVariantGroup section */

/* Begin XCBuildConfiguration section */
		187EE03122DE4703002E8550 /* Debug */ = {
			isa = XCBuildConfiguration;
			buildSettings = {
				ALWAYS_SEARCH_USER_PATHS = NO;
				CLANG_ANALYZER_NONNULL = YES;
				CLANG_ANALYZER_NUMBER_OBJECT_CONVERSION = YES_AGGRESSIVE;
				CLANG_CXX_LANGUAGE_STANDARD = "gnu++14";
				CLANG_CXX_LIBRARY = "libc++";
				CLANG_ENABLE_MODULES = YES;
				CLANG_ENABLE_OBJC_ARC = YES;
				CLANG_ENABLE_OBJC_WEAK = YES;
				CLANG_WARN_BLOCK_CAPTURE_AUTORELEASING = YES;
				CLANG_WARN_BOOL_CONVERSION = YES;
				CLANG_WARN_COMMA = YES;
				CLANG_WARN_CONSTANT_CONVERSION = YES;
				CLANG_WARN_DEPRECATED_OBJC_IMPLEMENTATIONS = YES;
				CLANG_WARN_DIRECT_OBJC_ISA_USAGE = YES_ERROR;
				CLANG_WARN_DOCUMENTATION_COMMENTS = YES;
				CLANG_WARN_EMPTY_BODY = YES;
				CLANG_WARN_ENUM_CONVERSION = YES;
				CLANG_WARN_INFINITE_RECURSION = YES;
				CLANG_WARN_INT_CONVERSION = YES;
				CLANG_WARN_NON_LITERAL_NULL_CONVERSION = YES;
				CLANG_WARN_OBJC_IMPLICIT_RETAIN_SELF = YES;
				CLANG_WARN_OBJC_LITERAL_CONVERSION = YES;
				CLANG_WARN_OBJC_ROOT_CLASS = YES_ERROR;
				CLANG_WARN_RANGE_LOOP_ANALYSIS = YES;
				CLANG_WARN_STRICT_PROTOTYPES = YES;
				CLANG_WARN_SUSPICIOUS_MOVE = YES;
				CLANG_WARN_UNGUARDED_AVAILABILITY = YES_AGGRESSIVE;
				CLANG_WARN_UNREACHABLE_CODE = YES;
				CLANG_WARN__DUPLICATE_METHOD_MATCH = YES;
				CODE_SIGN_IDENTITY = "iPhone Developer";
				COPY_PHASE_STRIP = NO;
				DEBUG_INFORMATION_FORMAT = dwarf;
				ENABLE_STRICT_OBJC_MSGSEND = YES;
				ENABLE_TESTABILITY = YES;
				GCC_C_LANGUAGE_STANDARD = gnu11;
				GCC_DYNAMIC_NO_PIC = NO;
				GCC_NO_COMMON_BLOCKS = YES;
				GCC_OPTIMIZATION_LEVEL = 0;
				GCC_PREPROCESSOR_DEFINITIONS = (
					"DEBUG=1",
					"$(inherited)",
				);
				GCC_WARN_64_TO_32_BIT_CONVERSION = YES;
				GCC_WARN_ABOUT_RETURN_TYPE = YES_ERROR;
				GCC_WARN_UNDECLARED_SELECTOR = YES;
				GCC_WARN_UNINITIALIZED_AUTOS = YES_AGGRESSIVE;
				GCC_WARN_UNUSED_FUNCTION = YES;
				GCC_WARN_UNUSED_VARIABLE = YES;
				IPHONEOS_DEPLOYMENT_TARGET = 12.2;
				MTL_ENABLE_DEBUG_INFO = INCLUDE_SOURCE;
				MTL_FAST_MATH = YES;
				ONLY_ACTIVE_ARCH = YES;
				SDKROOT = iphoneos;
				SWIFT_ACTIVE_COMPILATION_CONDITIONS = DEBUG;
				SWIFT_OPTIMIZATION_LEVEL = "-Onone";
			};
			name = Debug;
		};
		187EE03222DE4703002E8550 /* Release */ = {
			isa = XCBuildConfiguration;
			buildSettings = {
				ALWAYS_SEARCH_USER_PATHS = NO;
				CLANG_ANALYZER_NONNULL = YES;
				CLANG_ANALYZER_NUMBER_OBJECT_CONVERSION = YES_AGGRESSIVE;
				CLANG_CXX_LANGUAGE_STANDARD = "gnu++14";
				CLANG_CXX_LIBRARY = "libc++";
				CLANG_ENABLE_MODULES = YES;
				CLANG_ENABLE_OBJC_ARC = YES;
				CLANG_ENABLE_OBJC_WEAK = YES;
				CLANG_WARN_BLOCK_CAPTURE_AUTORELEASING = YES;
				CLANG_WARN_BOOL_CONVERSION = YES;
				CLANG_WARN_COMMA = YES;
				CLANG_WARN_CONSTANT_CONVERSION = YES;
				CLANG_WARN_DEPRECATED_OBJC_IMPLEMENTATIONS = YES;
				CLANG_WARN_DIRECT_OBJC_ISA_USAGE = YES_ERROR;
				CLANG_WARN_DOCUMENTATION_COMMENTS = YES;
				CLANG_WARN_EMPTY_BODY = YES;
				CLANG_WARN_ENUM_CONVERSION = YES;
				CLANG_WARN_INFINITE_RECURSION = YES;
				CLANG_WARN_INT_CONVERSION = YES;
				CLANG_WARN_NON_LITERAL_NULL_CONVERSION = YES;
				CLANG_WARN_OBJC_IMPLICIT_RETAIN_SELF = YES;
				CLANG_WARN_OBJC_LITERAL_CONVERSION = YES;
				CLANG_WARN_OBJC_ROOT_CLASS = YES_ERROR;
				CLANG_WARN_RANGE_LOOP_ANALYSIS = YES;
				CLANG_WARN_STRICT_PROTOTYPES = YES;
				CLANG_WARN_SUSPICIOUS_MOVE = YES;
				CLANG_WARN_UNGUARDED_AVAILABILITY = YES_AGGRESSIVE;
				CLANG_WARN_UNREACHABLE_CODE = YES;
				CLANG_WARN__DUPLICATE_METHOD_MATCH = YES;
				CODE_SIGN_IDENTITY = "iPhone Developer";
				COPY_PHASE_STRIP = NO;
				DEBUG_INFORMATION_FORMAT = "dwarf-with-dsym";
				ENABLE_NS_ASSERTIONS = NO;
				ENABLE_STRICT_OBJC_MSGSEND = YES;
				GCC_C_LANGUAGE_STANDARD = gnu11;
				GCC_NO_COMMON_BLOCKS = YES;
				GCC_WARN_64_TO_32_BIT_CONVERSION = YES;
				GCC_WARN_ABOUT_RETURN_TYPE = YES_ERROR;
				GCC_WARN_UNDECLARED_SELECTOR = YES;
				GCC_WARN_UNINITIALIZED_AUTOS = YES_AGGRESSIVE;
				GCC_WARN_UNUSED_FUNCTION = YES;
				GCC_WARN_UNUSED_VARIABLE = YES;
				IPHONEOS_DEPLOYMENT_TARGET = 12.2;
				MTL_ENABLE_DEBUG_INFO = NO;
				MTL_FAST_MATH = YES;
				SDKROOT = iphoneos;
				SWIFT_COMPILATION_MODE = wholemodule;
				SWIFT_OPTIMIZATION_LEVEL = "-O";
				VALIDATE_PRODUCT = YES;
			};
			name = Release;
		};
		187EE03422DE4703002E8550 /* Debug */ = {
			isa = XCBuildConfiguration;
			baseConfigurationReference = 02C5ADCA55D0BA4440C88D55 /* Pods-AnafiDetection.debug.xcconfig */;
			buildSettings = {
				ASSETCATALOG_COMPILER_APPICON_NAME = AppIcon;
				CODE_SIGN_STYLE = Automatic;
				DEVELOPMENT_TEAM = DYG5XF554D;
				INFOPLIST_FILE = ParrotDemo/Info.plist;
				LD_RUNPATH_SEARCH_PATHS = (
					"$(inherited)",
					"@executable_path/Frameworks",
				);
				PRODUCT_BUNDLE_IDENTIFIER = com.riis.AnafiDetection;
				PRODUCT_NAME = "$(TARGET_NAME)";
				SWIFT_VERSION = 5.0;
				TARGETED_DEVICE_FAMILY = "1,2";
			};
			name = Debug;
		};
		187EE03522DE4703002E8550 /* Release */ = {
			isa = XCBuildConfiguration;
			baseConfigurationReference = 09947F94787FDE2C9B4D0283 /* Pods-AnafiDetection.release.xcconfig */;
			buildSettings = {
				ASSETCATALOG_COMPILER_APPICON_NAME = AppIcon;
				CODE_SIGN_STYLE = Automatic;
				DEVELOPMENT_TEAM = DYG5XF554D;
				INFOPLIST_FILE = ParrotDemo/Info.plist;
				LD_RUNPATH_SEARCH_PATHS = (
					"$(inherited)",
					"@executable_path/Frameworks",
				);
				PRODUCT_BUNDLE_IDENTIFIER = com.riis.AnafiDetection;
				PRODUCT_NAME = "$(TARGET_NAME)";
				SWIFT_VERSION = 5.0;
				TARGETED_DEVICE_FAMILY = "1,2";
			};
			name = Release;
		};
		187EE03722DE4703002E8550 /* Debug */ = {
			isa = XCBuildConfiguration;
			buildSettings = {
				ALWAYS_EMBED_SWIFT_STANDARD_LIBRARIES = YES;
				BUNDLE_LOADER = "$(TEST_HOST)";
				CODE_SIGN_STYLE = Automatic;
				DEVELOPMENT_TEAM = L8YBAF677B;
				INFOPLIST_FILE = ParrotDemoTests/Info.plist;
				LD_RUNPATH_SEARCH_PATHS = (
					"$(inherited)",
					"@executable_path/Frameworks",
					"@loader_path/Frameworks",
				);
				PRODUCT_BUNDLE_IDENTIFIER = com.riis.ParrotDemoTests;
				PRODUCT_NAME = "$(TARGET_NAME)";
				SWIFT_VERSION = 5.0;
				TARGETED_DEVICE_FAMILY = "1,2";
				TEST_HOST = "$(BUILT_PRODUCTS_DIR)/AnafiDetection.app/AnafiDetection";
			};
			name = Debug;
		};
		187EE03822DE4703002E8550 /* Release */ = {
			isa = XCBuildConfiguration;
			buildSettings = {
				ALWAYS_EMBED_SWIFT_STANDARD_LIBRARIES = YES;
				BUNDLE_LOADER = "$(TEST_HOST)";
				CODE_SIGN_STYLE = Automatic;
				DEVELOPMENT_TEAM = L8YBAF677B;
				INFOPLIST_FILE = ParrotDemoTests/Info.plist;
				LD_RUNPATH_SEARCH_PATHS = (
					"$(inherited)",
					"@executable_path/Frameworks",
					"@loader_path/Frameworks",
				);
				PRODUCT_BUNDLE_IDENTIFIER = com.riis.ParrotDemoTests;
				PRODUCT_NAME = "$(TARGET_NAME)";
				SWIFT_VERSION = 5.0;
				TARGETED_DEVICE_FAMILY = "1,2";
				TEST_HOST = "$(BUILT_PRODUCTS_DIR)/AnafiDetection.app/AnafiDetection";
			};
			name = Release;
		};
		187EE03A22DE4703002E8550 /* Debug */ = {
			isa = XCBuildConfiguration;
			buildSettings = {
				ALWAYS_EMBED_SWIFT_STANDARD_LIBRARIES = YES;
				CODE_SIGN_STYLE = Automatic;
				DEVELOPMENT_TEAM = L8YBAF677B;
				INFOPLIST_FILE = ParrotDemoUITests/Info.plist;
				LD_RUNPATH_SEARCH_PATHS = (
					"$(inherited)",
					"@executable_path/Frameworks",
					"@loader_path/Frameworks",
				);
				PRODUCT_BUNDLE_IDENTIFIER = com.riis.ParrotDemoUITests;
				PRODUCT_NAME = "$(TARGET_NAME)";
				SWIFT_VERSION = 5.0;
				TARGETED_DEVICE_FAMILY = "1,2";
				TEST_TARGET_NAME = ParrotDemo;
			};
			name = Debug;
		};
		187EE03B22DE4703002E8550 /* Release */ = {
			isa = XCBuildConfiguration;
			buildSettings = {
				ALWAYS_EMBED_SWIFT_STANDARD_LIBRARIES = YES;
				CODE_SIGN_STYLE = Automatic;
				DEVELOPMENT_TEAM = L8YBAF677B;
				INFOPLIST_FILE = ParrotDemoUITests/Info.plist;
				LD_RUNPATH_SEARCH_PATHS = (
					"$(inherited)",
					"@executable_path/Frameworks",
					"@loader_path/Frameworks",
				);
				PRODUCT_BUNDLE_IDENTIFIER = com.riis.ParrotDemoUITests;
				PRODUCT_NAME = "$(TARGET_NAME)";
				SWIFT_VERSION = 5.0;
				TARGETED_DEVICE_FAMILY = "1,2";
				TEST_TARGET_NAME = ParrotDemo;
			};
			name = Release;
		};
/* End XCBuildConfiguration section */

/* Begin XCConfigurationList section */
		187EE00622DE4701002E8550 /* Build configuration list for PBXProject "AnafiDetection" */ = {
			isa = XCConfigurationList;
			buildConfigurations = (
				187EE03122DE4703002E8550 /* Debug */,
				187EE03222DE4703002E8550 /* Release */,
			);
			defaultConfigurationIsVisible = 0;
			defaultConfigurationName = Release;
		};
		187EE03322DE4703002E8550 /* Build configuration list for PBXNativeTarget "AnafiDetection" */ = {
			isa = XCConfigurationList;
			buildConfigurations = (
				187EE03422DE4703002E8550 /* Debug */,
				187EE03522DE4703002E8550 /* Release */,
			);
			defaultConfigurationIsVisible = 0;
			defaultConfigurationName = Release;
		};
		187EE03622DE4703002E8550 /* Build configuration list for PBXNativeTarget "AnafiDetectionTests" */ = {
			isa = XCConfigurationList;
			buildConfigurations = (
				187EE03722DE4703002E8550 /* Debug */,
				187EE03822DE4703002E8550 /* Release */,
			);
			defaultConfigurationIsVisible = 0;
			defaultConfigurationName = Release;
		};
		187EE03922DE4703002E8550 /* Build configuration list for PBXNativeTarget "AnafiDetectionUITests" */ = {
			isa = XCConfigurationList;
			buildConfigurations = (
				187EE03A22DE4703002E8550 /* Debug */,
				187EE03B22DE4703002E8550 /* Release */,
			);
			defaultConfigurationIsVisible = 0;
			defaultConfigurationName = Release;
		};
/* End XCConfigurationList section */
	};
	rootObject = 187EE00322DE4701002E8550 /* Project object */;
}
