PODS:
  - ArsdkEngine (1.0.0):
    - GroundSdk (= 1.0.0)
  - GroundSdk (1.0.0):
    - SdkCore (= 1.0.0)
  - SdkCore (1.0.0)
  - TensorFlowLiteC (2.3.0):
    - TensorFlowLiteC/Core (= 2.3.0)
  - TensorFlowLiteC/Core (2.3.0)
  - TensorFlowLiteSwift (2.3.0):
    - TensorFlowLiteSwift/Core (= 2.3.0)
  - TensorFlowLiteSwift/Core (2.3.0):
    - TensorFlowLiteC (= 2.3.0)

DEPENDENCIES:
  - ArsdkEngine (= 1.0.0)
  - GroundSdk (= 1.0.0)
  - SdkCore (= 1.0.0)
  - TensorFlowLiteSwift

SPEC REPOS:
  https://github.com/CocoaPods/Specs.git:
    - ArsdkEngine
    - GroundSdk
    - SdkCore
  trunk:
    - TensorFlowLiteC
    - TensorFlowLiteSwift

SPEC CHECKSUMS:
  ArsdkEngine: 1c6086cf87e1c9033e0e76d61b21a3edcb5f93b0
  GroundSdk: 640eb77727d99a76ce1c731671b469753644ef0a
  SdkCore: 8eee3daafba05239f9f5c7ebb7fa9ee3b816e518
  TensorFlowLiteC: 51f50caf5777f740a70e2c1a5dbdc149e7aeb50b
  TensorFlowLiteSwift: fb152cc1eec36b25b03a23c07f5d58113170af58

PODFILE CHECKSUM: 5a142477f86c3681fa9f5471f6261c1933572ea4

COCOAPODS: 1.9.1
